
Microsoft Visual Studio Solution File, Format Version 12.00
# Visual Studio Version 16
VisualStudioVersion = 16.0.30611.23
MinimumVisualStudioVersion = 10.0.40219.1
Project("{FAE04EC0-301F-11D3-BF4B-00C04F79EFBC}") = "MyTaskManager", "MyTaskManager\MyTaskManager.csproj", "{B43BFF79-1B7D-4C52-AA86-B06637DEB79E}"
EndProject
Global
	GlobalSection(SolutionConfigurationPlatforms) = preSolution
		Debug|Any CPU = Debug|Any CPU
		Release|Any CPU = Release|Any CPU
	EndGlobalSection
	GlobalSection(ProjectConfigurationPlatforms) = postSolution
		{B43BFF79-1B7D-4C52-AA86-B06637DEB79E}.Debug|Any CPU.ActiveCfg = Debug|Any CPU
		{B43BFF79-1B7D-4C52-AA86-B06637DEB79E}.Debug|Any CPU.Build.0 = Debug|Any CPU
		{B43BFF79-1B7D-4C52-AA86-B06637DEB79E}.Release|Any CPU.ActiveCfg = Release|Any CPU
		{B43BFF79-1B7D-4C52-AA86-B06637DEB79E}.Release|Any CPU.Build.0 = Release|Any CPU
	EndGlobalSection
	GlobalSection(SolutionProperties) = preSolution
		HideSolutionNode = FALSE
	EndGlobalSection
	GlobalSection(ExtensibilityGlobals) = postSolution
		SolutionGuid = {CE5B8723-F19C-4ACF-A37C-F73E06EFAB5B}
	EndGlobalSection
EndGlobal
